// !$*UTF8*$!
{
	archiveVersion = 1;
	classes = {
	};
	objectVersion = 56;
	objects = {

/* Begin PBXBuildFile section */
		98F409362BCCD8CC008E11B6 /* AppDelegate.swift in Sources */ = {isa = PBXBuildFile; fileRef = 98F409352BCCD8CC008E11B6 /* AppDelegate.swift */; };
		98F409382BCCD8CC008E11B6 /* SceneDelegate.swift in Sources */ = {isa = PBXBuildFile; fileRef = 98F409372BCCD8CC008E11B6 /* SceneDelegate.swift */; };
		98F4093A2BCCD8CC008E11B6 /* ViewController.swift in Sources */ = {isa = PBXBuildFile; fileRef = 98F409392BCCD8CC008E11B6 /* ViewController.swift */; };
		98F4093D2BCCD8CC008E11B6 /* Main.storyboard in Resources */ = {isa = PBXBuildFile; fileRef = 98F4093B2BCCD8CC008E11B6 /* Main.storyboard */; };
		98F4093F2BCCD8D5008E11B6 /* Assets.xcassets in Resources */ = {isa = PBXBuildFile; fileRef = 98F4093E2BCCD8D5008E11B6 /* Assets.xcassets */; };
		98F409422BCCD8D5008E11B6 /* LaunchScreen.storyboard in Resources */ = {isa = PBXBuildFile; fileRef = 98F409402BCCD8D5008E11B6 /* LaunchScreen.storyboard */; };
		98F4094D2BCD0556008E11B6 /* PurchaseState.swift in Sources */ = {isa = PBXBuildFile; fileRef = 98F409492BCD0555008E11B6 /* PurchaseState.swift */; };
		98F4094E2BCD0556008E11B6 /* PurchaseManager.swift in Sources */ = {isa = PBXBuildFile; fileRef = 98F4094A2BCD0555008E11B6 /* PurchaseManager.swift */; };
		98F4094F2BCD0556008E11B6 /* Store.swift in Sources */ = {isa = PBXBuildFile; fileRef = 98F4094B2BCD0556008E11B6 /* Store.swift */; };
		98F409502BCD0556008E11B6 /* PurchaseException.swift in Sources */ = {isa = PBXBuildFile; fileRef = 98F4094C2BCD0556008E11B6 /* PurchaseException.swift */; };
/* End PBXBuildFile section */

/* Begin PBXFileReference section */
		98F409322BCCD8CC008E11B6 /* iapdemo.app */ = {isa = PBXFileReference; explicitFileType = wrapper.application; includeInIndex = 0; path = iapdemo.app; sourceTree = BUILT_PRODUCTS_DIR; };
		98F409352BCCD8CC008E11B6 /* AppDelegate.swift */ = {isa = PBXFileReference; lastKnownFileType = sourcecode.swift; path = AppDelegate.swift; sourceTree = "<group>"; };
		98F409372BCCD8CC008E11B6 /* SceneDelegate.swift */ = {isa = PBXFileReference; lastKnownFileType = sourcecode.swift; path = SceneDelegate.swift; sourceTree = "<group>"; };
		98F409392BCCD8CC008E11B6 /* ViewController.swift */ = {isa = PBXFileReference; lastKnownFileType = sourcecode.swift; path = ViewController.swift; sourceTree = "<group>"; };
		98F4093C2BCCD8CC008E11B6 /* Base */ = {isa = PBXFileReference; lastKnownFileType = file.storyboard; name = Base; path = Base.lproj/Main.storyboard; sourceTree = "<group>"; };
		98F4093E2BCCD8D5008E11B6 /* Assets.xcassets */ = {isa = PBXFileReference; lastKnownFileType = folder.assetcatalog; path = Assets.xcassets; sourceTree = "<group>"; };
		98F409412BCCD8D5008E11B6 /* Base */ = {isa = PBXFileReference; lastKnownFileType = file.storyboard; name = Base; path = Base.lproj/LaunchScreen.storyboard; sourceTree = "<group>"; };
		98F409432BCCD8D5008E11B6 /* Info.plist */ = {isa = PBXFileReference; lastKnownFileType = text.plist.xml; path = Info.plist; sourceTree = "<group>"; };
		98F409492BCD0555008E11B6 /* PurchaseState.swift */ = {isa = PBXFileReference; fileEncoding = 4; lastKnownFileType = sourcecode.swift; path = PurchaseState.swift; sourceTree = "<group>"; };
		98F4094A2BCD0555008E11B6 /* PurchaseManager.swift */ = {isa = PBXFileReference; fileEncoding = 4; lastKnownFileType = sourcecode.swift; path = PurchaseManager.swift; sourceTree = "<group>"; };
		98F4094B2BCD0556008E11B6 /* Store.swift */ = {isa = PBXFileReference; fileEncoding = 4; lastKnownFileType = sourcecode.swift; path = Store.swift; sourceTree = "<group>"; };
		98F4094C2BCD0556008E11B6 /* PurchaseException.swift */ = {isa = PBXFileReference; fileEncoding = 4; lastKnownFileType = sourcecode.swift; path = PurchaseException.swift; sourceTree = "<group>"; };
/* End PBXFileReference section */

/* Begin PBXFrameworksBuildPhase section */
		98F4092F2BCCD8CC008E11B6 /* Frameworks */ = {
			isa = PBXFrameworksBuildPhase;
			buildActionMask = 2147483647;
			files = (
			);
			runOnlyForDeploymentPostprocessing = 0;
		};
/* End PBXFrameworksBuildPhase section */

/* Begin PBXGroup section */
		98F409292BCCD8CB008E11B6 = {
			isa = PBXGroup;
			children = (
				98F409342BCCD8CC008E11B6 /* iapdemo */,
				98F409332BCCD8CC008E11B6 /* Products */,
			);
			sourceTree = "<group>";
		};
		98F409332BCCD8CC008E11B6 /* Products */ = {
			isa = PBXGroup;
			children = (
				98F409322BCCD8CC008E11B6 /* iapdemo.app */,
			);
			name = Products;
			sourceTree = "<group>";
		};
		98F409342BCCD8CC008E11B6 /* iapdemo */ = {
			isa = PBXGroup;
			children = (
				98F4094C2BCD0556008E11B6 /* PurchaseException.swift */,
				98F4094A2BCD0555008E11B6 /* PurchaseManager.swift */,
				98F409492BCD0555008E11B6 /* PurchaseState.swift */,
				98F4094B2BCD0556008E11B6 /* Store.swift */,
				98F409352BCCD8CC008E11B6 /* AppDelegate.swift */,
				98F409372BCCD8CC008E11B6 /* SceneDelegate.swift */,
				98F409392BCCD8CC008E11B6 /* ViewController.swift */,
				98F4093B2BCCD8CC008E11B6 /* Main.storyboard */,
				98F4093E2BCCD8D5008E11B6 /* Assets.xcassets */,
				98F409402BCCD8D5008E11B6 /* LaunchScreen.storyboard */,
				98F409432BCCD8D5008E11B6 /* Info.plist */,
			);
			path = iapdemo;
			sourceTree = "<group>";
		};
/* End PBXGroup section */

/* Begin PBXNativeTarget section */
		98F409312BCCD8CC008E11B6 /* iapdemo */ = {
			isa = PBXNativeTarget;
			buildConfigurationList = 98F409462BCCD8D5008E11B6 /* Build configuration list for PBXNativeTarget "iapdemo" */;
			buildPhases = (
				98F4092E2BCCD8CC008E11B6 /* Sources */,
				98F4092F2BCCD8CC008E11B6 /* Frameworks */,
				98F409302BCCD8CC008E11B6 /* Resources */,
			);
			buildRules = (
			);
			dependencies = (
			);
			name = iapdemo;
			productName = iapdemo;
			productReference = 98F409322BCCD8CC008E11B6 /* iapdemo.app */;
			productType = "com.apple.product-type.application";
		};
/* End PBXNativeTarget section */

/* Begin PBXProject section */
		98F4092A2BCCD8CB008E11B6 /* Project object */ = {
			isa = PBXProject;
			attributes = {
				BuildIndependentTargetsInParallel = 1;
				LastSwiftUpdateCheck = 1500;
				LastUpgradeCheck = 1500;
				TargetAttributes = {
					98F409312BCCD8CC008E11B6 = {
						CreatedOnToolsVersion = 15.0.1;
					};
				};
			};
			buildConfigurationList = 98F4092D2BCCD8CC008E11B6 /* Build configuration list for PBXProject "iapdemo" */;
			compatibilityVersion = "Xcode 14.0";
			developmentRegion = en;
			hasScannedForEncodings = 0;
			knownRegions = (
				en,
				Base,
			);
			mainGroup = 98F409292BCCD8CB008E11B6;
			productRefGroup = 98F409332BCCD8CC008E11B6 /* Products */;
			projectDirPath = "";
			projectRoot = "";
			targets = (
				98F409312BCCD8CC008E11B6 /* iapdemo */,
			);
		};
/* End PBXProject section */

/* Begin PBXResourcesBuildPhase section */
		98F409302BCCD8CC008E11B6 /* Resources */ = {
			isa = PBXResourcesBuildPhase;
			buildActionMask = 2147483647;
			files = (
				98F409422BCCD8D5008E11B6 /* LaunchScreen.storyboard in Resources */,
				98F4093F2BCCD8D5008E11B6 /* Assets.xcassets in Resources */,
				98F4093D2BCCD8CC008E11B6 /* Main.storyboard in Resources */,
			);
			runOnlyForDeploymentPostprocessing = 0;
		};
/* End PBXResourcesBuildPhase section */

/* Begin PBXSourcesBuildPhase section */
		98F4092E2BCCD8CC008E11B6 /* Sources */ = {
			isa = PBXSourcesBuildPhase;
			buildActionMask = 2147483647;
			files = (
				98F4093A2BCCD8CC008E11B6 /* ViewController.swift in Sources */,
				98F409502BCD0556008E11B6 /* PurchaseException.swift in Sources */,
				98F409362BCCD8CC008E11B6 /* AppDelegate.swift in Sources */,
				98F4094D2BCD0556008E11B6 /* PurchaseState.swift in Sources */,
				98F4094F2BCD0556008E11B6 /* Store.swift in Sources */,
				98F409382BCCD8CC008E11B6 /* SceneDelegate.swift in Sources */,
				98F4094E2BCD0556008E11B6 /* PurchaseManager.swift in Sources */,
			);
			runOnlyForDeploymentPostprocessing = 0;
		};
/* End PBXSourcesBuildPhase section */

/* Begin PBXVariantGroup section */
		98F4093B2BCCD8CC008E11B6 /* Main.storyboard */ = {
			isa = PBXVariantGroup;
			children = (
				98F4093C2BCCD8CC008E11B6 /* Base */,
			);
			name = Main.storyboard;
			sourceTree = "<group>";
		};
		98F409402BCCD8D5008E11B6 /* LaunchScreen.storyboard */ = {
			isa = PBXVariantGroup;
			children = (
				98F409412BCCD8D5008E11B6 /* Base */,
			);
			name = LaunchScreen.storyboard;
			sourceTree = "<group>";
		};
/* End PBXVariantGroup section */

/* Begin XCBuildConfiguration section */
		98F409442BCCD8D5008E11B6 /* Debug */ = {
			isa = XCBuildConfiguration;
			buildSettings = {
				ALWAYS_SEARCH_USER_PATHS = NO;
				ASSETCATALOG_COMPILER_GENERATE_SWIFT_ASSET_SYMBOL_EXTENSIONS = YES;
				CLANG_ANALYZER_NONNULL = YES;
				CLANG_ANALYZER_NUMBER_OBJECT_CONVERSION = YES_AGGRESSIVE;
				CLANG_CXX_LANGUAGE_STANDARD = "gnu++20";
				CLANG_ENABLE_MODULES = YES;
				CLANG_ENABLE_OBJC_ARC = YES;
				CLANG_ENABLE_OBJC_WEAK = YES;
				CLANG_WARN_BLOCK_CAPTURE_AUTORELEASING = YES;
				CLANG_WARN_BOOL_CONVERSION = YES;
				CLANG_WARN_COMMA = YES;
				CLANG_WARN_CONSTANT_CONVERSION = YES;
				CLANG_WARN_DEPRECATED_OBJC_IMPLEMENTATIONS = YES;
				CLANG_WARN_DIRECT_OBJC_ISA_USAGE = YES_ERROR;
				CLANG_WARN_DOCUMENTATION_COMMENTS = YES;
				CLANG_WARN_EMPTY_BODY = YES;
				CLANG_WARN_ENUM_CONVERSION = YES;
				CLANG_WARN_INFINITE_RECURSION = YES;
				CLANG_WARN_INT_CONVERSION = YES;
				CLANG_WARN_NON_LITERAL_NULL_CONVERSION = YES;
				CLANG_WARN_OBJC_IMPLICIT_RETAIN_SELF = YES;
				CLANG_WARN_OBJC_LITERAL_CONVERSION = YES;
				CLANG_WARN_OBJC_ROOT_CLASS = YES_ERROR;
				CLANG_WARN_QUOTED_INCLUDE_IN_FRAMEWORK_HEADER = YES;
				CLANG_WARN_RANGE_LOOP_ANALYSIS = YES;
				CLANG_WARN_STRICT_PROTOTYPES = YES;
				CLANG_WARN_SUSPICIOUS_MOVE = YES;
				CLANG_WARN_UNGUARDED_AVAILABILITY = YES_AGGRESSIVE;
				CLANG_WARN_UNREACHABLE_CODE = YES;
				CLANG_WARN__DUPLICATE_METHOD_MATCH = YES;
				COPY_PHASE_STRIP = NO;
				DEBUG_INFORMATION_FORMAT = dwarf;
				ENABLE_STRICT_OBJC_MSGSEND = YES;
				ENABLE_TESTABILITY = YES;
				ENABLE_USER_SCRIPT_SANDBOXING = YES;
				GCC_C_LANGUAGE_STANDARD = gnu17;
				GCC_DYNAMIC_NO_PIC = NO;
				GCC_NO_COMMON_BLOCKS = YES;
				GCC_OPTIMIZATION_LEVEL = 0;
				GCC_PREPROCESSOR_DEFINITIONS = (
					"DEBUG=1",
					"$(inherited)",
				);
				GCC_WARN_64_TO_32_BIT_CONVERSION = YES;
				GCC_WARN_ABOUT_RETURN_TYPE = YES_ERROR;
				GCC_WARN_UNDECLARED_SELECTOR = YES;
				GCC_WARN_UNINITIALIZED_AUTOS = YES_AGGRESSIVE;
				GCC_WARN_UNUSED_FUNCTION = YES;
				GCC_WARN_UNUSED_VARIABLE = YES;
				IPHONEOS_DEPLOYMENT_TARGET = 17.0;
				LOCALIZATION_PREFERS_STRING_CATALOGS = YES;
				MTL_ENABLE_DEBUG_INFO = INCLUDE_SOURCE;
				MTL_FAST_MATH = YES;
				ONLY_ACTIVE_ARCH = YES;
				SDKROOT = iphoneos;
				SWIFT_ACTIVE_COMPILATION_CONDITIONS = "DEBUG $(inherited)";
				SWIFT_OPTIMIZATION_LEVEL = "-Onone";
			};
			name = Debug;
		};
		98F409452BCCD8D5008E11B6 /* Release */ = {
			isa = XCBuildConfiguration;
			buildSettings = {
				ALWAYS_SEARCH_USER_PATHS = NO;
				ASSETCATALOG_COMPILER_GENERATE_SWIFT_ASSET_SYMBOL_EXTENSIONS = YES;
				CLANG_ANALYZER_NONNULL = YES;
				CLANG_ANALYZER_NUMBER_OBJECT_CONVERSION = YES_AGGRESSIVE;
				CLANG_CXX_LANGUAGE_STANDARD = "gnu++20";
				CLANG_ENABLE_MODULES = YES;
				CLANG_ENABLE_OBJC_ARC = YES;
				CLANG_ENABLE_OBJC_WEAK = YES;
				CLANG_WARN_BLOCK_CAPTURE_AUTORELEASING = YES;
				CLANG_WARN_BOOL_CONVERSION = YES;
				CLANG_WARN_COMMA = YES;
				CLANG_WARN_CONSTANT_CONVERSION = YES;
				CLANG_WARN_DEPRECATED_OBJC_IMPLEMENTATIONS = YES;
				CLANG_WARN_DIRECT_OBJC_ISA_USAGE = YES_ERROR;
				CLANG_WARN_DOCUMENTATION_COMMENTS = YES;
				CLANG_WARN_EMPTY_BODY = YES;
				CLANG_WARN_ENUM_CONVERSION = YES;
				CLANG_WARN_INFINITE_RECURSION = YES;
				CLANG_WARN_INT_CONVERSION = YES;
				CLANG_WARN_NON_LITERAL_NULL_CONVERSION = YES;
				CLANG_WARN_OBJC_IMPLICIT_RETAIN_SELF = YES;
				CLANG_WARN_OBJC_LITERAL_CONVERSION = YES;
				CLANG_WARN_OBJC_ROOT_CLASS = YES_ERROR;
				CLANG_WARN_QUOTED_INCLUDE_IN_FRAMEWORK_HEADER = YES;
				CLANG_WARN_RANGE_LOOP_ANALYSIS = YES;
				CLANG_WARN_STRICT_PROTOTYPES = YES;
				CLANG_WARN_SUSPICIOUS_MOVE = YES;
				CLANG_WARN_UNGUARDED_AVAILABILITY = YES_AGGRESSIVE;
				CLANG_WARN_UNREACHABLE_CODE = YES;
				CLANG_WARN__DUPLICATE_METHOD_MATCH = YES;
				COPY_PHASE_STRIP = NO;
				DEBUG_INFORMATION_FORMAT = "dwarf-with-dsym";
				ENABLE_NS_ASSERTIONS = NO;
				ENABLE_STRICT_OBJC_MSGSEND = YES;
				ENABLE_USER_SCRIPT_SANDBOXING = YES;
				GCC_C_LANGUAGE_STANDARD = gnu17;
				GCC_NO_COMMON_BLOCKS = YES;
				GCC_WARN_64_TO_32_BIT_CONVERSION = YES;
				GCC_WARN_ABOUT_RETURN_TYPE = YES_ERROR;
				GCC_WARN_UNDECLARED_SELECTOR = YES;
				GCC_WARN_UNINITIALIZED_AUTOS = YES_AGGRESSIVE;
				GCC_WARN_UNUSED_FUNCTION = YES;
				GCC_WARN_UNUSED_VARIABLE = YES;
				IPHONEOS_DEPLOYMENT_TARGET = 17.0;
				LOCALIZATION_PREFERS_STRING_CATALOGS = YES;
				MTL_ENABLE_DEBUG_INFO = NO;
				MTL_FAST_MATH = YES;
				SDKROOT = iphoneos;
				SWIFT_COMPILATION_MODE = wholemodule;
				VALIDATE_PRODUCT = YES;
			};
			name = Release;
		};
		98F409472BCCD8D5008E11B6 /* Debug */ = {
			isa = XCBuildConfiguration;
			buildSettings = {
				ASSETCATALOG_COMPILER_APPICON_NAME = AppIcon;
				ASSETCATALOG_COMPILER_GLOBAL_ACCENT_COLOR_NAME = AccentColor;
				"CODE_SIGN_IDENTITY[sdk=iphoneos*]" = "iPhone Developer";
				CODE_SIGN_STYLE = Manual;
				CURRENT_PROJECT_VERSION = 1;
				DEVELOPMENT_TEAM = "";
				"DEVELOPMENT_TEAM[sdk=iphoneos*]" = JBAZ77UB77;
				GENERATE_INFOPLIST_FILE = YES;
				INFOPLIST_FILE = iapdemo/Info.plist;
				INFOPLIST_KEY_UIApplicationSupportsIndirectInputEvents = YES;
				INFOPLIST_KEY_UILaunchStoryboardName = LaunchScreen;
				INFOPLIST_KEY_UIMainStoryboardFile = Main;
				INFOPLIST_KEY_UISupportedInterfaceOrientations_iPad = "UIInterfaceOrientationPortrait UIInterfaceOrientationPortraitUpsideDown UIInterfaceOrientationLandscapeLeft UIInterfaceOrientationLandscapeRight";
				INFOPLIST_KEY_UISupportedInterfaceOrientations_iPhone = "UIInterfaceOrientationPortrait UIInterfaceOrientationLandscapeLeft UIInterfaceOrientationLandscapeRight";
				IPHONEOS_DEPLOYMENT_TARGET = 15.0;
				LD_RUNPATH_SEARCH_PATHS = (
					"$(inherited)",
					"@executable_path/Frameworks",
				);
				MARKETING_VERSION = 1.0;
				PRODUCT_BUNDLE_IDENTIFIER = com.apple.iap;
				PRODUCT_NAME = "$(TARGET_NAME)";
				PROVISIONING_PROFILE_SPECIFIER = "";
				"PROVISIONING_PROFILE_SPECIFIER[sdk=iphoneos*]" = add_dev;
				SWIFT_EMIT_LOC_STRINGS = YES;
				SWIFT_VERSION = 5.0;
				TARGETED_DEVICE_FAMILY = "1,2";
			};
			name = Debug;
		};
		98F409482BCCD8D5008E11B6 /* Release */ = {
			isa = XCBuildConfiguration;
			buildSettings = {
				ASSETCATALOG_COMPILER_APPICON_NAME = AppIcon;
				ASSETCATALOG_COMPILER_GLOBAL_ACCENT_COLOR_NAME = AccentColor;
				"CODE_SIGN_IDENTITY[sdk=iphoneos*]" = "iPhone Developer";
				CODE_SIGN_STYLE = Manual;
				CURRENT_PROJECT_VERSION = 1;
				DEVELOPMENT_TEAM = "";
				"DEVELOPMENT_TEAM[sdk=iphoneos*]" = JBAZ77UB77;
				GENERATE_INFOPLIST_FILE = YES;
				INFOPLIST_FILE = iapdemo/Info.plist;
				INFOPLIST_KEY_UIApplicationSupportsIndirectInputEvents = YES;
				INFOPLIST_KEY_UILaunchStoryboardName = LaunchScreen;
				INFOPLIST_KEY_UIMainStoryboardFile = Main;
				INFOPLIST_KEY_UISupportedInterfaceOrientations_iPad = "UIInterfaceOrientationPortrait UIInterfaceOrientationPortraitUpsideDown UIInterfaceOrientationLandscapeLeft UIInterfaceOrientationLandscapeRight";
				INFOPLIST_KEY_UISupportedInterfaceOrientations_iPhone = "UIInterfaceOrientationPortrait UIInterfaceOrientationLandscapeLeft UIInterfaceOrientationLandscapeRight";
				IPHONEOS_DEPLOYMENT_TARGET = 15.0;
				LD_RUNPATH_SEARCH_PATHS = (
					"$(inherited)",
					"@executable_path/Frameworks",
				);
				MARKETING_VERSION = 1.0;
				PRODUCT_BUNDLE_IDENTIFIER = com.apple.iap;
				PRODUCT_NAME = "$(TARGET_NAME)";
				PROVISIONING_PROFILE_SPECIFIER = "";
				"PROVISIONING_PROFILE_SPECIFIER[sdk=iphoneos*]" = add_dev;
				SWIFT_EMIT_LOC_STRINGS = YES;
				SWIFT_VERSION = 5.0;
				TARGETED_DEVICE_FAMILY = "1,2";
			};
			name = Release;
		};
/* End XCBuildConfiguration section */

/* Begin XCConfigurationList section */
		98F4092D2BCCD8CC008E11B6 /* Build configuration list for PBXProject "iapdemo" */ = {
			isa = XCConfigurationList;
			buildConfigurations = (
				98F409442BCCD8D5008E11B6 /* Debug */,
				98F409452BCCD8D5008E11B6 /* Release */,
			);
			defaultConfigurationIsVisible = 0;
			defaultConfigurationName = Release;
		};
		98F409462BCCD8D5008E11B6 /* Build configuration list for PBXNativeTarget "iapdemo" */ = {
			isa = XCConfigurationList;
			buildConfigurations = (
				98F409472BCCD8D5008E11B6 /* Debug */,
				98F409482BCCD8D5008E11B6 /* Release */,
			);
			defaultConfigurationIsVisible = 0;
			defaultConfigurationName = Release;
		};
/* End XCConfigurationList section */
	};
	rootObject = 98F4092A2BCCD8CB008E11B6 /* Project object */;
}
